
Microsoft Visual Studio Solution File, Format Version 12.00
# Visual Studio Version 17
VisualStudioVersion = 17.2.32630.192
MinimumVisualStudioVersion = 10.0.40219.1
Project("{8BC9CEB8-8B4A-11D0-8D11-00A0C91BC942}") = "EmuUtils", "EmuUtils.vcxproj", "{D752586B-C741-41DA-96DF-D6E715B1A444}"
EndProject
Global
	GlobalSection(SolutionConfigurationPlatforms) = preSolution
		Debug|x64 = Debug|x64
		Debug|x86 = Debug|x86
		Release|x64 = Release|x64
		Release|x86 = Release|x86
	EndGlobalSection
	GlobalSection(ProjectConfigurationPlatforms) = postSolution
		{D752586B-C741-41DA-96DF-D6E715B1A444}.Debug|x64.ActiveCfg = Debug|x64
		{D752586B-C741-41DA-96DF-D6E715B1A444}.Debug|x64.Build.0 = Debug|x64
		{D752586B-C741-41DA-96DF-D6E715B1A444}.Debug|x86.ActiveCfg = Debug|Win32
		{D752586B-C741-41DA-96DF-D6E715B1A444}.Debug|x86.Build.0 = Debug|Win32
		{D752586B-C741-41DA-96DF-D6E715B1A444}.Release|x64.ActiveCfg = Release|x64
		{D752586B-C741-41DA-96DF-D6E715B1A444}.Release|x64.Build.0 = Release|x64
		{D752586B-C741-41DA-96DF-D6E715B1A444}.Release|x86.ActiveCfg = Release|Win32
		{D752586B-C741-41DA-96DF-D6E715B1A444}.Release|x86.Build.0 = Release|Win32
	EndGlobalSection
	GlobalSection(SolutionProperties) = preSolution
		HideSolutionNode = FALSE
	EndGlobalSection
	GlobalSection(ExtensibilityGlobals) = postSolution
		SolutionGuid = {08881AC8-593B-4327-AB1B-B5BC8D3BD2F4}
	EndGlobalSection
EndGlobal
